
Microsoft Visual Studio Solution File, Format Version 12.00
# TcXaeShell Solution File, Format Version 11.00
VisualStudioVersion = 15.0.34829.251
MinimumVisualStudioVersion = 10.0.40219.1
Project("{FE7A1B72-C5B7-4D7C-BB7D-76384D4DE8E1}") = "HMI_Projektarbeit_Testsystem_zur_Fehlerdiag", "HMI_Projektarbeit_Testsystem_zur_Fehlerdiag\HMI_Projektarbeit_Testsystem_zur_Fehlerdiag.hmiproj", "{110AB59A-2D8D-4A21-BA50-3528D7708AD1}"
EndProject
Global
	GlobalSection(SolutionConfigurationPlatforms) = preSolution
		Debug|TwinCAT HMI = Debug|TwinCAT HMI
		Release|TwinCAT HMI = Release|TwinCAT HMI
	EndGlobalSection
	GlobalSection(ProjectConfigurationPlatforms) = postSolution
		{110AB59A-2D8D-4A21-BA50-3528D7708AD1}.Debug|TwinCAT HMI.ActiveCfg = Debug|TwinCAT HMI
		{110AB59A-2D8D-4A21-BA50-3528D7708AD1}.Debug|TwinCAT HMI.Build.0 = Debug|TwinCAT HMI
		{110AB59A-2D8D-4A21-BA50-3528D7708AD1}.Release|TwinCAT HMI.ActiveCfg = Release|TwinCAT HMI
		{110AB59A-2D8D-4A21-BA50-3528D7708AD1}.Release|TwinCAT HMI.Build.0 = Release|TwinCAT HMI
	EndGlobalSection
	GlobalSection(SolutionProperties) = preSolution
		HideSolutionNode = FALSE
	EndGlobalSection
	GlobalSection(ExtensibilityGlobals) = postSolution
		SolutionGuid = {FE838D55-2ACA-4958-9EDD-DAA06AA259D5}
	EndGlobalSection
EndGlobal
